<?xml version="1.0" encoding="UTF-8" standalone="yes" ?>
<CodeBlocks_project_file>
	<FileVersion major="1" minor="6" />
	<Project>
		<Option title="Wolf4SDL" />
		<Option pch_mode="2" />
		<Option compiler="gcc" />
		<Build>
			<Target title="default">
				<Option output="obj/Wolf4SDL" prefix_auto="1" extension_auto="1" />
				<Option working_dir="obj" />
				<Option object_output="obj" />
				<Option type="0" />
				<Option compiler="gcc" />
				<Compiler>
					<Add directory="C:/Dev-Cpp/include/SDL" />
					<Add directory="C:/Dev-Cpp/include/SDL_mixer" />
				</Compiler>
				<Linker>
					<Add directory="C:/Dev-Cpp/lib/SDL" />
					<Add directory="C:/Dev-Cpp/lib/SDL_mixer" />
				</Linker>
			</Target>
		</Build>
		<Compiler>
			<Add option="-Dmain=SDL_main" />
			<Add directory="libraries/mingw/include/SDL2" />
		</Compiler>
		<Linker>
			<Add library="mingw32" />
			<Add library="SDL2" />
			<Add library="SDL2_mixer" />
			<Add directory="libraries/mingw/lib/SDL2" />
		</Linker>
		<Unit filename="src/audiosod.h" />
		<Unit filename="src/audiowl6.h" />
		<Unit filename="src/f_spear.h" />
		<Unit filename="src/foreign.h" />
		<Unit filename="src/gfxv_apo.h" />
		<Unit filename="src/gfxv_jap.h" />
		<Unit filename="src/gfxv_sod.h" />
		<Unit filename="src/gfxv_wl6.h" />
		<Unit filename="src/gp2x.h" />
		<Unit filename="src/id_ca.c">
			<Option compilerVar="CC" />
		</Unit>
		<Unit filename="src/id_ca.h" />
		<Unit filename="src/id_in.c">
			<Option compilerVar="CC" />
		</Unit>
		<Unit filename="src/id_in.h" />
		<Unit filename="src/id_pm.c">
			<Option compilerVar="CC" />
		</Unit>
		<Unit filename="src/id_pm.h" />
		<Unit filename="src/id_sd.c">
			<Option compilerVar="CC" />
		</Unit>
		<Unit filename="src/id_sd.h" />
		<Unit filename="src/id_us.c">
			<Option compilerVar="CC" />
		</Unit>
		<Unit filename="src/id_us.h" />
		<Unit filename="src/id_vh.c">
			<Option compilerVar="CC" />
		</Unit>
		<Unit filename="src/id_vh.h" />
		<Unit filename="src/id_vl.c">
			<Option compilerVar="CC" />
		</Unit>
		<Unit filename="src/id_vl.h" />
		<Unit filename="src/mame/fmopl.c">
			<Option compilerVar="CC" />
		</Unit>
		<Unit filename="src/mame/fmopl.h" />
		<Unit filename="src/sdl_winmain.c">
			<Option compilerVar="CC" />
		</Unit>
		<Unit filename="src/sdl_wrap.c">
			<Option compilerVar="CC" />
		</Unit>
		<Unit filename="src/sdl_wrap.h" />
		<Unit filename="src/signon.c">
			<Option compilerVar="CC" />
		</Unit>
		<Unit filename="src/sodpal.inc" />
		<Unit filename="src/version.h" />
		<Unit filename="src/wl_act1.c">
			<Option compilerVar="CC" />
		</Unit>
		<Unit filename="src/wl_act2.c">
			<Option compilerVar="CC" />
		</Unit>
		<Unit filename="src/wl_agent.c">
			<Option compilerVar="CC" />
		</Unit>
		<Unit filename="src/wl_atmos.c">
			<Option compilerVar="CC" />
		</Unit>
		<Unit filename="src/wl_atmos.h" />
		<Unit filename="src/wl_cloudsky.c">
			<Option compilerVar="CC" />
		</Unit>
		<Unit filename="src/wl_cloudsky.h" />
		<Unit filename="src/wl_debug.c">
			<Option compilerVar="CC" />
		</Unit>
		<Unit filename="src/wl_def.h" />
		<Unit filename="src/wl_draw.c">
			<Option compilerVar="CC" />
		</Unit>
		<Unit filename="src/wl_game.c">
			<Option compilerVar="CC" />
		</Unit>
		<Unit filename="src/wl_inter.c">
			<Option compilerVar="CC" />
		</Unit>
		<Unit filename="src/wl_main.c">
			<Option compilerVar="CC" />
		</Unit>
		<Unit filename="src/wl_menu.c">
			<Option compilerVar="CC" />
		</Unit>
		<Unit filename="src/wl_menu.h" />
		<Unit filename="src/wl_parallax.c">
			<Option compilerVar="CC" />
		</Unit>
		<Unit filename="src/wl_plane.c">
			<Option compilerVar="CC" />
		</Unit>
		<Unit filename="src/wl_play.c">
			<Option compilerVar="CC" />
		</Unit>
		<Unit filename="src/wl_scale.c">
			<Option compilerVar="CC" />
		</Unit>
		<Unit filename="src/wl_shade.c">
			<Option compilerVar="CC" />
		</Unit>
		<Unit filename="src/wl_shade.h" />
		<Unit filename="src/wl_state.c">
			<Option compilerVar="CC" />
		</Unit>
		<Unit filename="src/wl_text.c">
			<Option compilerVar="CC" />
		</Unit>
		<Unit filename="src/wl_utils.c">
			<Option compilerVar="CC" />
		</Unit>
		<Unit filename="src/wl_utils.h" />
		<Unit filename="src/wolfpal.inc" />
		<Unit filename="win/Wolf4SDL.rc">
			<Option compilerVar="WINDRES" />
		</Unit>
		<Extensions />
	</Project>
</CodeBlocks_project_file>
